
Microsoft Visual Studio Solution File, Format Version 12.00
# Visual Studio Version 16
VisualStudioVersion = 16.0.32106.194
MinimumVisualStudioVersion = 10.0.40219.1
Project("{FAE04EC0-301F-11D3-BF4B-00C04F79EFBC}") = "Composite", "Composite\Composite.csproj", "{F31C08CA-E370-48DC-A8DD-C3CA7457F652}"
EndProject
Global
	GlobalSection(SolutionConfigurationPlatforms) = preSolution
		Debug|Any CPU = Debug|Any CPU
		Release|Any CPU = Release|Any CPU
	EndGlobalSection
	GlobalSection(ProjectConfigurationPlatforms) = postSolution
		{F31C08CA-E370-48DC-A8DD-C3CA7457F652}.Debug|Any CPU.ActiveCfg = Debug|Any CPU
		{F31C08CA-E370-48DC-A8DD-C3CA7457F652}.Debug|Any CPU.Build.0 = Debug|Any CPU
		{F31C08CA-E370-48DC-A8DD-C3CA7457F652}.Release|Any CPU.ActiveCfg = Release|Any CPU
		{F31C08CA-E370-48DC-A8DD-C3CA7457F652}.Release|Any CPU.Build.0 = Release|Any CPU
	EndGlobalSection
	GlobalSection(SolutionProperties) = preSolution
		HideSolutionNode = FALSE
	EndGlobalSection
	GlobalSection(ExtensibilityGlobals) = postSolution
		SolutionGuid = {057E93FE-2DCB-4912-BF7E-7D3ED3EBDE68}
	EndGlobalSection
EndGlobal
